{
  "nodes": {
    "blockinfile": {
      "flake": false,
      "locked": {
        "lastModified": 1761260260,
        "narHash": "sha256-pa5FBcIJzIFVZcR4m/v9PZZ+xyQBhHOUVe8A3lmBA8w=",
        "owner": "dustinsand",
        "repo": "blockinfile",
        "rev": "5c3e2e7ee2c6d86ddafc8b004efad9c9915a3574",
        "type": "github"
      },
      "original": {
        "owner": "dustinsand",
        "ref": "v0.1.11",
        "repo": "blockinfile",
        "type": "github"
      }
    },
    "codegen": {
      "inputs": {
        "flake-parts": [
          "flake-parts"
        ],
        "nixpkgs": [
          "nixpkgs"
        ],
        "systems": [
          "systems"
        ],
        "treefmt-nix": [
          "treefmt-nix"
        ]
      },
      "locked": {
        "lastModified": 1787265821,
        "narHash": "sha256-2d3LX3dFQGCP35A+LrGfpPeX8eBqFjYNCQRIVUMni5g=",
        "owner": "anteriorcore",
        "repo": "codegen",
        "rev": "511683612362cbe5b150f9b9134670ba1936f0b4",
        "type": "github"
      },
      "original": {
        "owner": "anteriorcore",
        "repo": "codegen",
        "type": "github"
      }
    },
    "devshell": {
      "inputs": {
        "nixpkgs": [
          "nixpkgs"
        ]
      },
      "locked": {
        "lastModified": 1768818222,
        "narHash": "sha256-460jc0+CZfyaO8+w8JNtlClB2n4ui1RbHfPTLkpwhU8=",
        "owner": "numtide",
        "repo": "devshell",
        "rev": "255a2b1725a20d060f566e4755dbf571bbbb5f76",
        "type": "github"
      },
      "original": {
        "owner": "numtide",
        "repo": "devshell",
        "type": "github"
      }
    },
    "disko": {
      "inputs": {
        "nixpkgs": [
          "nixpkgs"
        ]
      },
      "locked": {
        "lastModified": 1781152676,
        "narHash": "sha256-RxWs5ND31KzTG7wvMM+PMfUjyNpmIEr999lqNARaM5o=",
        "owner": "nix-community",
        "repo": "disko",
        "rev": "ff8702b4de27f72b4c78573dfb89ec74e36abdf1",
        "type": "github"
      },
      "original": {
        "owner": "nix-community",
        "repo": "disko",
        "type": "github"
      }
    },
    "emacs-direnv-async-patch": {
      "flake": false,
      "locked": {
        "narHash": "sha256-5T6vIq/jYEyfI8KS4VI4YN2UG2KcedhQfXh35S+gESw=",
        "type": "file",
        "url": "https://github.com/wbolster/emacs-direnv/pull/82.patch"
      },
      "original": {
        "type": "file",
        "url": "https://github.com/wbolster/emacs-direnv/pull/82.patch"
      }
    },
    "flake-parts": {
      "inputs": {
        "nixpkgs-lib": [
          "nixpkgs"
        ]
      },
      "locked": {
        "lastModified": 1785627969,
        "narHash": "sha256-4dtXQk/NMePegK/nWp5NSeuZKLATItOq61lpEvmXqGw=",
        "owner": "hercules-ci",
        "repo": "flake-parts",
        "rev": "427bf4bd9435fdf21321c8cc628c24efc14c0f7a",
        "type": "github"
      },
      "original": {
        "owner": "hercules-ci",
        "repo": "flake-parts",
        "type": "github"
      }
    },
    "flake-utils": {
      "inputs": {
        "systems": [
          "nocommit",
          "systems"
        ]
      },
      "locked": {
        "lastModified": 1731533236,
        "narHash": "sha256-l0KFg5HjrsfsO/JpG+r7fRrqm12kzFHyUHqHCVpMMbI=",
        "owner": "numtide",
        "repo": "flake-utils",
        "rev": "11707dc2f618dd54ca8739b309ec4fc024de578b",
        "type": "github"
      },
      "original": {
        "id": "flake-utils",
        "type": "indirect"
      }
    },
    "globset": {
      "inputs": {
        "nixpkgs-lib": "nixpkgs-lib"
      },
      "locked": {
        "lastModified": 1756146523,
        "narHash": "sha256-dn8WNgwVQe0xBJ/d4CiRRcEVSgNclG6WSbqFEf6V024=",
        "owner": "pdtpartners",
        "repo": "globset",
        "rev": "62da8904981f01dc7c97f56c3ea4f131a8393411",
        "type": "github"
      },
      "original": {
        "owner": "pdtpartners",
        "repo": "globset",
        "type": "github"
      }
    },
    "home-manager": {
      "inputs": {
        "nixpkgs": [
          "nixpkgs"
        ]
      },
      "locked": {
        "lastModified": 1787146702,
        "narHash": "sha256-YbRcLdU/yK4gWsQg7V8WTKZHfXL33g8+wSFUX3wyevs=",
        "owner": "nix-community",
        "repo": "home-manager",
        "rev": "173b7e8d40fdc8c296a9c99854314f17a3a1704c",
        "type": "github"
      },
      "original": {
        "owner": "nix-community",
        "ref": "release-26.05",
        "repo": "home-manager",
        "type": "github"
      }
    },
    "nix-darwin": {
      "inputs": {
        "nixpkgs": [
          "nixpkgs"
        ]
      },
      "locked": {
        "lastModified": 1783744694,
        "narHash": "sha256-2cp6N3rrwnGYLTx9l6N+NI+kwrCWxvJUbj5WJhvB29A=",
        "owner": "nix-darwin",
        "repo": "nix-darwin",
        "rev": "c3e90c89649b07d1a96e4b9dd6cd0d6e44b91a74",
        "type": "github"
      },
      "original": {
        "owner": "nix-darwin",
        "ref": "nix-darwin-26.05",
        "repo": "nix-darwin",
        "type": "github"
      }
    },
    "nix-darwin-flake-module": {
      "inputs": {
        "nixpkgs": [
          "nixpkgs"
        ]
      },
      "locked": {
        "lastModified": 1770248708,
        "narHash": "sha256-QcurQyesYe8kXkUSsj9qHuiJ0k1uiKD3uD2X4SNroKQ=",
        "owner": "nix-darwin",
        "repo": "nix-darwin",
        "rev": "9b421c5abdf33452b9730c8dc35950bc16942062",
        "type": "github"
      },
      "original": {
        "owner": "nix-darwin",
        "ref": "pull/1690/head",
        "repo": "nix-darwin",
        "type": "github"
      }
    },
    "nixpkgs": {
      "locked": {
        "lastModified": 1787204541,
        "narHash": "sha256-OURZPknrTjQrlNyxPdqzyqmU/81Wes1CUP/Ft1Rv/YI=",
        "owner": "nixos",
        "repo": "nixpkgs",
        "rev": "5880666fd9eb563038431edb35c2d0aa595884e6",
        "type": "github"
      },
      "original": {
        "owner": "nixos",
        "ref": "nixos-26.05",
        "repo": "nixpkgs",
        "type": "github"
      }
    },
    "nixpkgs-lib": {
      "locked": {
        "lastModified": 1754788789,
        "narHash": "sha256-x2rJ+Ovzq0sCMpgfgGaaqgBSwY+LST+WbZ6TytnT9Rk=",
        "owner": "nix-community",
        "repo": "nixpkgs.lib",
        "rev": "a73b9c743612e4244d865a2fdee11865283c04e6",
        "type": "github"
      },
      "original": {
        "owner": "nix-community",
        "repo": "nixpkgs.lib",
        "type": "github"
      }
    },
    "nixpkgs-terraform-providers-bin": {
      "inputs": {
        "nixpkgs": [
          "nixpkgs"
        ]
      },
      "locked": {
        "lastModified": 1787273177,
        "narHash": "sha256-kb8z8zC0TEw9Qea6wjP9JDtg0HI7cj8750FkgEfRfaE=",
        "owner": "nix-community",
        "repo": "nixpkgs-terraform-providers-bin",
        "rev": "f71d82a250a5016075b91a4247f91c5d68708dd2",
        "type": "github"
      },
      "original": {
        "owner": "nix-community",
        "repo": "nixpkgs-terraform-providers-bin",
        "type": "github"
      }
    },
    "nixpkgs-unstable": {
      "locked": {
        "lastModified": 1787209939,
        "narHash": "sha256-WvvHR4kSQLAbtouMC/ruZ5UpLwlUcY3K4FAllMN+yGk=",
        "owner": "nixos",
        "repo": "nixpkgs",
        "rev": "391b592eb44808b3bd0cb80bb71b63a5a118b8bb",
        "type": "github"
      },
      "original": {
        "owner": "nixos",
        "ref": "nixpkgs-unstable",
        "repo": "nixpkgs",
        "type": "github"
      }
    },
    "nocommit": {
      "inputs": {
        "flake-parts": [
          "flake-parts"
        ],
        "flake-utils": "flake-utils",
        "nixpkgs": [
          "nixpkgs"
        ],
        "systems": [
          "systems"
        ],
        "treefmt-nix": [
          "treefmt-nix"
        ]
      },
      "locked": {
        "lastModified": 1779986989,
        "narHash": "sha256-ioBCqBaN7sNNWrOwkEUggMOJ5A3NpKEASwCtABfKWG4=",
        "owner": "shunueda",
        "repo": "nocommit",
        "rev": "01bcbe10f8ccdd51e43979bb32d2ea5c33820879",
        "type": "github"
      },
      "original": {
        "owner": "shunueda",
        "repo": "nocommit",
        "type": "github"
      }
    },
    "nur": {
      "inputs": {
        "flake-parts": [
          "flake-parts"
        ],
        "nixpkgs": [
          "nixpkgs"
        ]
      },
      "locked": {
        "lastModified": 1787341179,
        "narHash": "sha256-X485cVK/G4AkpQyJlmFOQz44LqXUXki7AFHLURgLF44=",
        "owner": "nix-community",
        "repo": "nur",
        "rev": "0cb1f094fda156e3fcfc260caa206dd5e365ae74",
        "type": "github"
      },
      "original": {
        "owner": "nix-community",
        "repo": "nur",
        "type": "github"
      }
    },
    "package-lock2nix": {
      "inputs": {
        "flake-parts": [
          "flake-parts"
        ],
        "globset": "globset",
        "nixpkgs": [
          "nixpkgs"
        ],
        "systems": [
          "systems"
        ],
        "treefmt-nix": [
          "treefmt-nix"
        ]
      },
      "locked": {
        "lastModified": 1787195250,
        "narHash": "sha256-5CyC8Yg0KgUZHYhOT9HG5JCkhIzXSsf1ED4CpEcEgHo=",
        "owner": "anteriorcore",
        "repo": "package-lock2nix",
        "rev": "96cea1cf197a176c385d84bee09c90ad7e7a228b",
        "type": "github"
      },
      "original": {
        "owner": "anteriorcore",
        "repo": "package-lock2nix",
        "type": "github"
      }
    },
    "root": {
      "inputs": {
        "codegen": "codegen",
        "devshell": "devshell",
        "disko": "disko",
        "emacs-direnv-async-patch": "emacs-direnv-async-patch",
        "flake-parts": "flake-parts",
        "home-manager": "home-manager",
        "nix-darwin": "nix-darwin",
        "nix-darwin-flake-module": "nix-darwin-flake-module",
        "nixpkgs": "nixpkgs",
        "nixpkgs-terraform-providers-bin": "nixpkgs-terraform-providers-bin",
        "nixpkgs-unstable": "nixpkgs-unstable",
        "nocommit": "nocommit",
        "nur": "nur",
        "package-lock2nix": "package-lock2nix",
        "systems": "systems",
        "tools": "tools",
        "treefmt-nix": "treefmt-nix"
      }
    },
    "systems": {
      "locked": {
        "lastModified": 1776166891,
        "narHash": "sha256-bI8yrEGjrohR5hkQox7UrxDH7XqrYMwI8SL/LrJ1+S8=",
        "owner": "nix-systems",
        "repo": "triplet",
        "rev": "6de7bc09397911ce03636afbcf6118745ab2cda0",
        "type": "github"
      },
      "original": {
        "owner": "nix-systems",
        "repo": "triplet",
        "type": "github"
      }
    },
    "tools": {
      "inputs": {
        "blockinfile": "blockinfile",
        "flake-parts": [
          "flake-parts"
        ],
        "nixpkgs": [
          "nixpkgs"
        ],
        "systems": [
          "systems"
        ],
        "treefmt-nix": [
          "treefmt-nix"
        ]
      },
      "locked": {
        "lastModified": 1787265679,
        "narHash": "sha256-ct9uMKlx+1cDxcfRpD8OEfY15G9wPYCzvvzB6l5h7tk=",
        "owner": "anteriorcore",
        "repo": "tools",
        "rev": "b4c47cb2c1d6b564330f5abbbfc8f51e8804daa9",
        "type": "github"
      },
      "original": {
        "owner": "anteriorcore",
        "repo": "tools",
        "type": "github"
      }
    },
    "treefmt-nix": {
      "inputs": {
        "nixpkgs": [
          "nixpkgs"
        ]
      },
      "locked": {
        "lastModified": 1786901030,
        "narHash": "sha256-WSFCsDSE5ffgD2MqzkM2CYjeFiKhRF/dJUN8uedb6YE=",
        "owner": "numtide",
        "repo": "treefmt-nix",
        "rev": "27b3b12a8e6375f28ebe122f07d230ca5459bbfa",
        "type": "github"
      },
      "original": {
        "owner": "numtide",
        "repo": "treefmt-nix",
        "type": "github"
      }
    }
  },
  "root": "root",
  "version": 7
}
